
Microsoft Visual Studio Solution File, Format Version 12.00
# Visual Studio 15
VisualStudioVersion = 15.0.28307.489
MinimumVisualStudioVersion = 10.0.40219.1
Project("{FAE04EC0-301F-11D3-BF4B-00C04F79EFBC}") = "TobiiFirstApp", "TobiiFirstApp\TobiiFirstApp.csproj", "{FB0DC4AA-860A-44E0-BB6C-D0F28CB4CAD4}"
EndProject
Global
	GlobalSection(SolutionConfigurationPlatforms) = preSolution
		Debug|Any CPU = Debug|Any CPU
		Release|Any CPU = Release|Any CPU
	EndGlobalSection
	GlobalSection(ProjectConfigurationPlatforms) = postSolution
		{FB0DC4AA-860A-44E0-BB6C-D0F28CB4CAD4}.Debug|Any CPU.ActiveCfg = Debug|Any CPU
		{FB0DC4AA-860A-44E0-BB6C-D0F28CB4CAD4}.Debug|Any CPU.Build.0 = Debug|Any CPU
		{FB0DC4AA-860A-44E0-BB6C-D0F28CB4CAD4}.Release|Any CPU.ActiveCfg = Release|Any CPU
		{FB0DC4AA-860A-44E0-BB6C-D0F28CB4CAD4}.Release|Any CPU.Build.0 = Release|Any CPU
	EndGlobalSection
	GlobalSection(SolutionProperties) = preSolution
		HideSolutionNode = FALSE
	EndGlobalSection
	GlobalSection(ExtensibilityGlobals) = postSolution
		SolutionGuid = {F4319937-B1F1-4E78-A6C7-D5BDC048B73A}
	EndGlobalSection
EndGlobal
